
Microsoft Visual Studio Solution File, Format Version 12.00
# Visual Studio Version 17
VisualStudioVersion = 17.5.33627.172
MinimumVisualStudioVersion = 10.0.40219.1
Project("{FAE04EC0-301F-11D3-BF4B-00C04F79EFBC}") = "PerTester", "PerTester\PerTester.csproj", "{7049A838-5FC2-4362-B7C7-042297DFB0EF}"
EndProject
Global
	GlobalSection(SolutionConfigurationPlatforms) = preSolution
		Debug|Any CPU = Debug|Any CPU
		Release|Any CPU = Release|Any CPU
	EndGlobalSection
	GlobalSection(ProjectConfigurationPlatforms) = postSolution
		{7049A838-5FC2-4362-B7C7-042297DFB0EF}.Debug|Any CPU.ActiveCfg = Debug|Any CPU
		{7049A838-5FC2-4362-B7C7-042297DFB0EF}.Debug|Any CPU.Build.0 = Debug|Any CPU
		{7049A838-5FC2-4362-B7C7-042297DFB0EF}.Release|Any CPU.ActiveCfg = Release|Any CPU
		{7049A838-5FC2-4362-B7C7-042297DFB0EF}.Release|Any CPU.Build.0 = Release|Any CPU
	EndGlobalSection
	GlobalSection(SolutionProperties) = preSolution
		HideSolutionNode = FALSE
	EndGlobalSection
	GlobalSection(ExtensibilityGlobals) = postSolution
		SolutionGuid = {B2E46840-5914-4CAE-9D8A-DB36DF46BFE6}
	EndGlobalSection
EndGlobal
